
Microsoft Visual Studio Solution File, Format Version 12.00
# Visual Studio Version 17
VisualStudioVersion = 17.14.36414.22 d17.14
MinimumVisualStudioVersion = 10.0.40219.1
Project("{FAE04EC0-301F-11D3-BF4B-00C04F79EFBC}") = "VSport", "VSport\VSport.csproj", "{B959E2F9-6346-4FC9-9E2B-EA7A2FDA6640}"
EndProject
Global
	GlobalSection(SolutionConfigurationPlatforms) = preSolution
		Debug|Any CPU = Debug|Any CPU
		Release|Any CPU = Release|Any CPU
	EndGlobalSection
	GlobalSection(ProjectConfigurationPlatforms) = postSolution
		{B959E2F9-6346-4FC9-9E2B-EA7A2FDA6640}.Debug|Any CPU.ActiveCfg = Debug|Any CPU
		{B959E2F9-6346-4FC9-9E2B-EA7A2FDA6640}.Debug|Any CPU.Build.0 = Debug|Any CPU
		{B959E2F9-6346-4FC9-9E2B-EA7A2FDA6640}.Release|Any CPU.ActiveCfg = Release|Any CPU
		{B959E2F9-6346-4FC9-9E2B-EA7A2FDA6640}.Release|Any CPU.Build.0 = Release|Any CPU
	EndGlobalSection
	GlobalSection(SolutionProperties) = preSolution
		HideSolutionNode = FALSE
	EndGlobalSection
	GlobalSection(ExtensibilityGlobals) = postSolution
		SolutionGuid = {BAC713BE-1B4F-4E3E-BE79-E81677B0EB22}
	EndGlobalSection
EndGlobal
